// !$*UTF8*$!
{
	archiveVersion = 1;
	classes = {
	};
	objectVersion = 56;
	objects = {

/* Begin PBXBuildFile section */
		F763FB902BCED71300137399 /* AppDelegate.swift in Sources */ = {isa = PBXBuildFile; fileRef = F763FB8F2BCED71300137399 /* AppDelegate.swift */; };
		F763FB922BCED71300137399 /* SceneDelegate.swift in Sources */ = {isa = PBXBuildFile; fileRef = F763FB912BCED71300137399 /* SceneDelegate.swift */; };
		F763FB942BCED71300137399 /* ViewController.swift in Sources */ = {isa = PBXBuildFile; fileRef = F763FB932BCED71300137399 /* ViewController.swift */; };
		F763FB972BCED71300137399 /* Base in Resources */ = {isa = PBXBuildFile; fileRef = F763FB962BCED71300137399 /* Base */; };
		F763FB992BCED71500137399 /* Assets.xcassets in Resources */ = {isa = PBXBuildFile; fileRef = F763FB982BCED71500137399 /* Assets.xcassets */; };
		F763FB9C2BCED71500137399 /* Base in Resources */ = {isa = PBXBuildFile; fileRef = F763FB9B2BCED71500137399 /* Base */; };
		F763FBA42BCEDA6300137399 /* ColorData.swift in Sources */ = {isa = PBXBuildFile; fileRef = F763FBA32BCEDA6300137399 /* ColorData.swift */; };
		F763FBA62BCEDB8000137399 /* Product.swift in Sources */ = {isa = PBXBuildFile; fileRef = F763FBA52BCEDB8000137399 /* Product.swift */; };
		F763FBA82BCEDB8D00137399 /* Company.swift in Sources */ = {isa = PBXBuildFile; fileRef = F763FBA72BCEDB8D00137399 /* Company.swift */; };
/* End PBXBuildFile section */

/* Begin PBXFileReference section */
		F763FB8C2BCED71300137399 /* JonesSpencer_RemoteData.app */ = {isa = PBXFileReference; explicitFileType = wrapper.application; includeInIndex = 0; path = JonesSpencer_RemoteData.app; sourceTree = BUILT_PRODUCTS_DIR; };
		F763FB8F2BCED71300137399 /* AppDelegate.swift */ = {isa = PBXFileReference; lastKnownFileType = sourcecode.swift; path = AppDelegate.swift; sourceTree = "<group>"; };
		F763FB912BCED71300137399 /* SceneDelegate.swift */ = {isa = PBXFileReference; lastKnownFileType = sourcecode.swift; path = SceneDelegate.swift; sourceTree = "<group>"; };
		F763FB932BCED71300137399 /* ViewController.swift */ = {isa = PBXFileReference; lastKnownFileType = sourcecode.swift; path = ViewController.swift; sourceTree = "<group>"; };
		F763FB962BCED71300137399 /* Base */ = {isa = PBXFileReference; lastKnownFileType = file.storyboard; name = Base; path = Base.lproj/Main.storyboard; sourceTree = "<group>"; };
		F763FB982BCED71500137399 /* Assets.xcassets */ = {isa = PBXFileReference; lastKnownFileType = folder.assetcatalog; path = Assets.xcassets; sourceTree = "<group>"; };
		F763FB9B2BCED71500137399 /* Base */ = {isa = PBXFileReference; lastKnownFileType = file.storyboard; name = Base; path = Base.lproj/LaunchScreen.storyboard; sourceTree = "<group>"; };
		F763FB9D2BCED71500137399 /* Info.plist */ = {isa = PBXFileReference; lastKnownFileType = text.plist.xml; path = Info.plist; sourceTree = "<group>"; };
		F763FBA32BCEDA6300137399 /* ColorData.swift */ = {isa = PBXFileReference; lastKnownFileType = sourcecode.swift; path = ColorData.swift; sourceTree = "<group>"; };
		F763FBA52BCEDB8000137399 /* Product.swift */ = {isa = PBXFileReference; lastKnownFileType = sourcecode.swift; path = Product.swift; sourceTree = "<group>"; };
		F763FBA72BCEDB8D00137399 /* Company.swift */ = {isa = PBXFileReference; lastKnownFileType = sourcecode.swift; path = Company.swift; sourceTree = "<group>"; };
/* End PBXFileReference section */

/* Begin PBXFrameworksBuildPhase section */
		F763FB892BCED71300137399 /* Frameworks */ = {
			isa = PBXFrameworksBuildPhase;
			buildActionMask = 2147483647;
			files = (
			);
			runOnlyForDeploymentPostprocessing = 0;
		};
/* End PBXFrameworksBuildPhase section */

/* Begin PBXGroup section */
		F763FB832BCED71300137399 = {
			isa = PBXGroup;
			children = (
				F763FB8E2BCED71300137399 /* JonesSpencer_RemoteData */,
				F763FB8D2BCED71300137399 /* Products */,
			);
			sourceTree = "<group>";
		};
		F763FB8D2BCED71300137399 /* Products */ = {
			isa = PBXGroup;
			children = (
				F763FB8C2BCED71300137399 /* JonesSpencer_RemoteData.app */,
			);
			name = Products;
			sourceTree = "<group>";
		};
		F763FB8E2BCED71300137399 /* JonesSpencer_RemoteData */ = {
			isa = PBXGroup;
			children = (
				F763FB8F2BCED71300137399 /* AppDelegate.swift */,
				F763FB912BCED71300137399 /* SceneDelegate.swift */,
				F763FB952BCED71300137399 /* Main.storyboard */,
				F763FB932BCED71300137399 /* ViewController.swift */,
				F763FBA32BCEDA6300137399 /* ColorData.swift */,
				F763FBA52BCEDB8000137399 /* Product.swift */,
				F763FBA72BCEDB8D00137399 /* Company.swift */,
				F763FB982BCED71500137399 /* Assets.xcassets */,
				F763FB9A2BCED71500137399 /* LaunchScreen.storyboard */,
				F763FB9D2BCED71500137399 /* Info.plist */,
			);
			path = JonesSpencer_RemoteData;
			sourceTree = "<group>";
		};
/* End PBXGroup section */

/* Begin PBXNativeTarget section */
		F763FB8B2BCED71300137399 /* JonesSpencer_RemoteData */ = {
			isa = PBXNativeTarget;
			buildConfigurationList = F763FBA02BCED71500137399 /* Build configuration list for PBXNativeTarget "JonesSpencer_RemoteData" */;
			buildPhases = (
				F763FB882BCED71300137399 /* Sources */,
				F763FB892BCED71300137399 /* Frameworks */,
				F763FB8A2BCED71300137399 /* Resources */,
			);
			buildRules = (
			);
			dependencies = (
			);
			name = JonesSpencer_RemoteData;
			productName = JonesSpencer_RemoteData;
			productReference = F763FB8C2BCED71300137399 /* JonesSpencer_RemoteData.app */;
			productType = "com.apple.product-type.application";
		};
/* End PBXNativeTarget section */

/* Begin PBXProject section */
		F763FB842BCED71300137399 /* Project object */ = {
			isa = PBXProject;
			attributes = {
				BuildIndependentTargetsInParallel = 1;
				LastSwiftUpdateCheck = 1530;
				LastUpgradeCheck = 1530;
				TargetAttributes = {
					F763FB8B2BCED71300137399 = {
						CreatedOnToolsVersion = 15.3;
					};
				};
			};
			buildConfigurationList = F763FB872BCED71300137399 /* Build configuration list for PBXProject "JonesSpencer_RemoteData" */;
			compatibilityVersion = "Xcode 14.0";
			developmentRegion = en;
			hasScannedForEncodings = 0;
			knownRegions = (
				en,
				Base,
			);
			mainGroup = F763FB832BCED71300137399;
			productRefGroup = F763FB8D2BCED71300137399 /* Products */;
			projectDirPath = "";
			projectRoot = "";
			targets = (
				F763FB8B2BCED71300137399 /* JonesSpencer_RemoteData */,
			);
		};
/* End PBXProject section */

/* Begin PBXResourcesBuildPhase section */
		F763FB8A2BCED71300137399 /* Resources */ = {
			isa = PBXResourcesBuildPhase;
			buildActionMask = 2147483647;
			files = (
				F763FB992BCED71500137399 /* Assets.xcassets in Resources */,
				F763FB9C2BCED71500137399 /* Base in Resources */,
				F763FB972BCED71300137399 /* Base in Resources */,
			);
			runOnlyForDeploymentPostprocessing = 0;
		};
/* End PBXResourcesBuildPhase section */

/* Begin PBXSourcesBuildPhase section */
		F763FB882BCED71300137399 /* Sources */ = {
			isa = PBXSourcesBuildPhase;
			buildActionMask = 2147483647;
			files = (
				F763FB942BCED71300137399 /* ViewController.swift in Sources */,
				F763FB902BCED71300137399 /* AppDelegate.swift in Sources */,
				F763FBA62BCEDB8000137399 /* Product.swift in Sources */,
				F763FB922BCED71300137399 /* SceneDelegate.swift in Sources */,
				F763FBA42BCEDA6300137399 /* ColorData.swift in Sources */,
				F763FBA82BCEDB8D00137399 /* Company.swift in Sources */,
			);
			runOnlyForDeploymentPostprocessing = 0;
		};
/* End PBXSourcesBuildPhase section */

/* Begin PBXVariantGroup section */
		F763FB952BCED71300137399 /* Main.storyboard */ = {
			isa = PBXVariantGroup;
			children = (
				F763FB962BCED71300137399 /* Base */,
			);
			name = Main.storyboard;
			sourceTree = "<group>";
		};
		F763FB9A2BCED71500137399 /* LaunchScreen.storyboard */ = {
			isa = PBXVariantGroup;
			children = (
				F763FB9B2BCED71500137399 /* Base */,
			);
			name = LaunchScreen.storyboard;
			sourceTree = "<group>";
		};
/* End PBXVariantGroup section */

/* Begin XCBuildConfiguration section */
		F763FB9E2BCED71500137399 /* Debug */ = {
			isa = XCBuildConfiguration;
			buildSettings = {
				ALWAYS_SEARCH_USER_PATHS = NO;
				ASSETCATALOG_COMPILER_GENERATE_SWIFT_ASSET_SYMBOL_EXTENSIONS = YES;
				CLANG_ANALYZER_NONNULL = YES;
				CLANG_ANALYZER_NUMBER_OBJECT_CONVERSION = YES_AGGRESSIVE;
				CLANG_CXX_LANGUAGE_STANDARD = "gnu++20";
				CLANG_ENABLE_MODULES = YES;
				CLANG_ENABLE_OBJC_ARC = YES;
				CLANG_ENABLE_OBJC_WEAK = YES;
				CLANG_WARN_BLOCK_CAPTURE_AUTORELEASING = YES;
				CLANG_WARN_BOOL_CONVERSION = YES;
				CLANG_WARN_COMMA = YES;
				CLANG_WARN_CONSTANT_CONVERSION = YES;
				CLANG_WARN_DEPRECATED_OBJC_IMPLEMENTATIONS = YES;
				CLANG_WARN_DIRECT_OBJC_ISA_USAGE = YES_ERROR;
				CLANG_WARN_DOCUMENTATION_COMMENTS = YES;
				CLANG_WARN_EMPTY_BODY = YES;
				CLANG_WARN_ENUM_CONVERSION = YES;
				CLANG_WARN_INFINITE_RECURSION = YES;
				CLANG_WARN_INT_CONVERSION = YES;
				CLANG_WARN_NON_LITERAL_NULL_CONVERSION = YES;
				CLANG_WARN_OBJC_IMPLICIT_RETAIN_SELF = YES;
				CLANG_WARN_OBJC_LITERAL_CONVERSION = YES;
				CLANG_WARN_OBJC_ROOT_CLASS = YES_ERROR;
				CLANG_WARN_QUOTED_INCLUDE_IN_FRAMEWORK_HEADER = YES;
				CLANG_WARN_RANGE_LOOP_ANALYSIS = YES;
				CLANG_WARN_STRICT_PROTOTYPES = YES;
				CLANG_WARN_SUSPICIOUS_MOVE = YES;
				CLANG_WARN_UNGUARDED_AVAILABILITY = YES_AGGRESSIVE;
				CLANG_WARN_UNREACHABLE_CODE = YES;
				CLANG_WARN__DUPLICATE_METHOD_MATCH = YES;
				COPY_PHASE_STRIP = NO;
				DEBUG_INFORMATION_FORMAT = dwarf;
				ENABLE_STRICT_OBJC_MSGSEND = YES;
				ENABLE_TESTABILITY = YES;
				ENABLE_USER_SCRIPT_SANDBOXING = YES;
				GCC_C_LANGUAGE_STANDARD = gnu17;
				GCC_DYNAMIC_NO_PIC = NO;
				GCC_NO_COMMON_BLOCKS = YES;
				GCC_OPTIMIZATION_LEVEL = 0;
				GCC_PREPROCESSOR_DEFINITIONS = (
					"DEBUG=1",
					"$(inherited)",
				);
				GCC_WARN_64_TO_32_BIT_CONVERSION = YES;
				GCC_WARN_ABOUT_RETURN_TYPE = YES_ERROR;
				GCC_WARN_UNDECLARED_SELECTOR = YES;
				GCC_WARN_UNINITIALIZED_AUTOS = YES_AGGRESSIVE;
				GCC_WARN_UNUSED_FUNCTION = YES;
				GCC_WARN_UNUSED_VARIABLE = YES;
				IPHONEOS_DEPLOYMENT_TARGET = 17.4;
				LOCALIZATION_PREFERS_STRING_CATALOGS = YES;
				MTL_ENABLE_DEBUG_INFO = INCLUDE_SOURCE;
				MTL_FAST_MATH = YES;
				ONLY_ACTIVE_ARCH = YES;
				SDKROOT = iphoneos;
				SWIFT_ACTIVE_COMPILATION_CONDITIONS = "DEBUG $(inherited)";
				SWIFT_OPTIMIZATION_LEVEL = "-Onone";
			};
			name = Debug;
		};
		F763FB9F2BCED71500137399 /* Release */ = {
			isa = XCBuildConfiguration;
			buildSettings = {
				ALWAYS_SEARCH_USER_PATHS = NO;
				ASSETCATALOG_COMPILER_GENERATE_SWIFT_ASSET_SYMBOL_EXTENSIONS = YES;
				CLANG_ANALYZER_NONNULL = YES;
				CLANG_ANALYZER_NUMBER_OBJECT_CONVERSION = YES_AGGRESSIVE;
				CLANG_CXX_LANGUAGE_STANDARD = "gnu++20";
				CLANG_ENABLE_MODULES = YES;
				CLANG_ENABLE_OBJC_ARC = YES;
				CLANG_ENABLE_OBJC_WEAK = YES;
				CLANG_WARN_BLOCK_CAPTURE_AUTORELEASING = YES;
				CLANG_WARN_BOOL_CONVERSION = YES;
				CLANG_WARN_COMMA = YES;
				CLANG_WARN_CONSTANT_CONVERSION = YES;
				CLANG_WARN_DEPRECATED_OBJC_IMPLEMENTATIONS = YES;
				CLANG_WARN_DIRECT_OBJC_ISA_USAGE = YES_ERROR;
				CLANG_WARN_DOCUMENTATION_COMMENTS = YES;
				CLANG_WARN_EMPTY_BODY = YES;
				CLANG_WARN_ENUM_CONVERSION = YES;
				CLANG_WARN_INFINITE_RECURSION = YES;
				CLANG_WARN_INT_CONVERSION = YES;
				CLANG_WARN_NON_LITERAL_NULL_CONVERSION = YES;
				CLANG_WARN_OBJC_IMPLICIT_RETAIN_SELF = YES;
				CLANG_WARN_OBJC_LITERAL_CONVERSION = YES;
				CLANG_WARN_OBJC_ROOT_CLASS = YES_ERROR;
				CLANG_WARN_QUOTED_INCLUDE_IN_FRAMEWORK_HEADER = YES;
				CLANG_WARN_RANGE_LOOP_ANALYSIS = YES;
				CLANG_WARN_STRICT_PROTOTYPES = YES;
				CLANG_WARN_SUSPICIOUS_MOVE = YES;
				CLANG_WARN_UNGUARDED_AVAILABILITY = YES_AGGRESSIVE;
				CLANG_WARN_UNREACHABLE_CODE = YES;
				CLANG_WARN__DUPLICATE_METHOD_MATCH = YES;
				COPY_PHASE_STRIP = NO;
				DEBUG_INFORMATION_FORMAT = "dwarf-with-dsym";
				ENABLE_NS_ASSERTIONS = NO;
				ENABLE_STRICT_OBJC_MSGSEND = YES;
				ENABLE_USER_SCRIPT_SANDBOXING = YES;
				GCC_C_LANGUAGE_STANDARD = gnu17;
				GCC_NO_COMMON_BLOCKS = YES;
				GCC_WARN_64_TO_32_BIT_CONVERSION = YES;
				GCC_WARN_ABOUT_RETURN_TYPE = YES_ERROR;
				GCC_WARN_UNDECLARED_SELECTOR = YES;
				GCC_WARN_UNINITIALIZED_AUTOS = YES_AGGRESSIVE;
				GCC_WARN_UNUSED_FUNCTION = YES;
				GCC_WARN_UNUSED_VARIABLE = YES;
				IPHONEOS_DEPLOYMENT_TARGET = 17.4;
				LOCALIZATION_PREFERS_STRING_CATALOGS = YES;
				MTL_ENABLE_DEBUG_INFO = NO;
				MTL_FAST_MATH = YES;
				SDKROOT = iphoneos;
				SWIFT_COMPILATION_MODE = wholemodule;
				VALIDATE_PRODUCT = YES;
			};
			name = Release;
		};
		F763FBA12BCED71500137399 /* Debug */ = {
			isa = XCBuildConfiguration;
			buildSettings = {
				ASSETCATALOG_COMPILER_APPICON_NAME = AppIcon;
				ASSETCATALOG_COMPILER_GLOBAL_ACCENT_COLOR_NAME = AccentColor;
				CODE_SIGN_STYLE = Automatic;
				CURRENT_PROJECT_VERSION = 1;
				DEVELOPMENT_TEAM = GD6H63ZU48;
				GENERATE_INFOPLIST_FILE = YES;
				INFOPLIST_FILE = JonesSpencer_RemoteData/Info.plist;
				INFOPLIST_KEY_UIApplicationSupportsIndirectInputEvents = YES;
				INFOPLIST_KEY_UILaunchStoryboardName = LaunchScreen;
				INFOPLIST_KEY_UIMainStoryboardFile = Main;
				INFOPLIST_KEY_UISupportedInterfaceOrientations_iPad = "UIInterfaceOrientationPortrait UIInterfaceOrientationPortraitUpsideDown UIInterfaceOrientationLandscapeLeft UIInterfaceOrientationLandscapeRight";
				INFOPLIST_KEY_UISupportedInterfaceOrientations_iPhone = "UIInterfaceOrientationPortrait UIInterfaceOrientationLandscapeLeft UIInterfaceOrientationLandscapeRight";
				LD_RUNPATH_SEARCH_PATHS = (
					"$(inherited)",
					"@executable_path/Frameworks",
				);
				MARKETING_VERSION = 1.0;
				PRODUCT_BUNDLE_IDENTIFIER = "SpencerJones.JonesSpencer-RemoteData";
				PRODUCT_NAME = "$(TARGET_NAME)";
				SWIFT_EMIT_LOC_STRINGS = YES;
				SWIFT_VERSION = 5.0;
				TARGETED_DEVICE_FAMILY = "1,2";
			};
			name = Debug;
		};
		F763FBA22BCED71500137399 /* Release */ = {
			isa = XCBuildConfiguration;
			buildSettings = {
				ASSETCATALOG_COMPILER_APPICON_NAME = AppIcon;
				ASSETCATALOG_COMPILER_GLOBAL_ACCENT_COLOR_NAME = AccentColor;
				CODE_SIGN_STYLE = Automatic;
				CURRENT_PROJECT_VERSION = 1;
				DEVELOPMENT_TEAM = GD6H63ZU48;
				GENERATE_INFOPLIST_FILE = YES;
				INFOPLIST_FILE = JonesSpencer_RemoteData/Info.plist;
				INFOPLIST_KEY_UIApplicationSupportsIndirectInputEvents = YES;
				INFOPLIST_KEY_UILaunchStoryboardName = LaunchScreen;
				INFOPLIST_KEY_UIMainStoryboardFile = Main;
				INFOPLIST_KEY_UISupportedInterfaceOrientations_iPad = "UIInterfaceOrientationPortrait UIInterfaceOrientationPortraitUpsideDown UIInterfaceOrientationLandscapeLeft UIInterfaceOrientationLandscapeRight";
				INFOPLIST_KEY_UISupportedInterfaceOrientations_iPhone = "UIInterfaceOrientationPortrait UIInterfaceOrientationLandscapeLeft UIInterfaceOrientationLandscapeRight";
				LD_RUNPATH_SEARCH_PATHS = (
					"$(inherited)",
					"@executable_path/Frameworks",
				);
				MARKETING_VERSION = 1.0;
				PRODUCT_BUNDLE_IDENTIFIER = "SpencerJones.JonesSpencer-RemoteData";
				PRODUCT_NAME = "$(TARGET_NAME)";
				SWIFT_EMIT_LOC_STRINGS = YES;
				SWIFT_VERSION = 5.0;
				TARGETED_DEVICE_FAMILY = "1,2";
			};
			name = Release;
		};
/* End XCBuildConfiguration section */

/* Begin XCConfigurationList section */
		F763FB872BCED71300137399 /* Build configuration list for PBXProject "JonesSpencer_RemoteData" */ = {
			isa = XCConfigurationList;
			buildConfigurations = (
				F763FB9E2BCED71500137399 /* Debug */,
				F763FB9F2BCED71500137399 /* Release */,
			);
			defaultConfigurationIsVisible = 0;
			defaultConfigurationName = Release;
		};
		F763FBA02BCED71500137399 /* Build configuration list for PBXNativeTarget "JonesSpencer_RemoteData" */ = {
			isa = XCConfigurationList;
			buildConfigurations = (
				F763FBA12BCED71500137399 /* Debug */,
				F763FBA22BCED71500137399 /* Release */,
			);
			defaultConfigurationIsVisible = 0;
			defaultConfigurationName = Release;
		};
/* End XCConfigurationList section */
	};
	rootObject = F763FB842BCED71300137399 /* Project object */;
}
